Microsoft Visual Studio Solution File, Format Version 11.00
# Visual Studio 2008

Project("{0E76FDEC-DDB2-0921-9CC1-2C6C2F6942A4}") = "VS-Pinball-Actual-", "Assembly-CSharp.csproj", "{47182BB2-897C-4D38-76E7-A8CFCB2810AC}"
EndProject
Global
	GlobalSection(SolutionConfigurationPlatforms) = preSolution
		Debug|Any CPU = Debug|Any CPU
		Release|Any CPU = Release|Any CPU
	EndGlobalSection
	GlobalSection(ProjectConfigurationPlatforms) = postSolution
		{47182BB2-897C-4D38-76E7-A8CFCB2810AC}.Debug|Any CPU.ActiveCfg = Debug|Any CPU
		{47182BB2-897C-4D38-76E7-A8CFCB2810AC}.Debug|Any CPU.Build.0 = Debug|Any CPU
		{47182BB2-897C-4D38-76E7-A8CFCB2810AC}.Release|Any CPU.ActiveCfg = Release|Any CPU
		{47182BB2-897C-4D38-76E7-A8CFCB2810AC}.Release|Any CPU.Build.0 = Release|Any CPU
	EndGlobalSection
	GlobalSection(SolutionProperties) = preSolution
		HideSolutionNode = FALSE
	EndGlobalSection
	GlobalSection(MonoDevelopProperties) = preSolution
		StartupItem = Assembly-CSharp.csproj
	EndGlobalSection
EndGlobal
